
Microsoft Visual Studio Solution File, Format Version 12.00
# Visual Studio Version 17
VisualStudioVersion = 17.4.33103.184
MinimumVisualStudioVersion = 10.0.40219.1
Project("{9A19103F-16F7-4668-BE54-9A1E7A4F7556}") = "Client", "Client\Client.csproj", "{83464038-6867-49F0-B340-1EAF9649C621}"
EndProject
Project("{9A19103F-16F7-4668-BE54-9A1E7A4F7556}") = "Server", "Server\Server.csproj", "{CCA867ED-5AFE-4653-A424-8343445955C6}"
EndProject
Project("{9A19103F-16F7-4668-BE54-9A1E7A4F7556}") = "Refresh Token", "Refresh Token\Refresh Token.csproj", "{DDEA2317-49F3-4CDC-AE78-DC69136F02B5}"
EndProject
Project("{9A19103F-16F7-4668-BE54-9A1E7A4F7556}") = "DynamicAuthorization", "DynamicAuthorization\DynamicAuthorization.csproj", "{AE99CC25-13F7-4116-B02B-14E4CD0CCC41}"
EndProject
Project("{FAE04EC0-301F-11D3-BF4B-00C04F79EFBC}") = "Console Auth App", "Console Auth App\Console Auth App.csproj", "{5DCA2635-2657-42ED-9135-1D9B2C3D7416}"
EndProject
Global
	GlobalSection(SolutionConfigurationPlatforms) = preSolution
		Debug|Any CPU = Debug|Any CPU
		Release|Any CPU = Release|Any CPU
	EndGlobalSection
	GlobalSection(ProjectConfigurationPlatforms) = postSolution
		{83464038-6867-49F0-B340-1EAF9649C621}.Debug|Any CPU.ActiveCfg = Debug|Any CPU
		{83464038-6867-49F0-B340-1EAF9649C621}.Debug|Any CPU.Build.0 = Debug|Any CPU
		{83464038-6867-49F0-B340-1EAF9649C621}.Release|Any CPU.ActiveCfg = Release|Any CPU
		{83464038-6867-49F0-B340-1EAF9649C621}.Release|Any CPU.Build.0 = Release|Any CPU
		{CCA867ED-5AFE-4653-A424-8343445955C6}.Debug|Any CPU.ActiveCfg = Debug|Any CPU
		{CCA867ED-5AFE-4653-A424-8343445955C6}.Debug|Any CPU.Build.0 = Debug|Any CPU
		{CCA867ED-5AFE-4653-A424-8343445955C6}.Release|Any CPU.ActiveCfg = Release|Any CPU
		{CCA867ED-5AFE-4653-A424-8343445955C6}.Release|Any CPU.Build.0 = Release|Any CPU
		{DDEA2317-49F3-4CDC-AE78-DC69136F02B5}.Debug|Any CPU.ActiveCfg = Debug|Any CPU
		{DDEA2317-49F3-4CDC-AE78-DC69136F02B5}.Debug|Any CPU.Build.0 = Debug|Any CPU
		{DDEA2317-49F3-4CDC-AE78-DC69136F02B5}.Release|Any CPU.ActiveCfg = Release|Any CPU
		{DDEA2317-49F3-4CDC-AE78-DC69136F02B5}.Release|Any CPU.Build.0 = Release|Any CPU
		{AE99CC25-13F7-4116-B02B-14E4CD0CCC41}.Debug|Any CPU.ActiveCfg = Debug|Any CPU
		{AE99CC25-13F7-4116-B02B-14E4CD0CCC41}.Debug|Any CPU.Build.0 = Debug|Any CPU
		{AE99CC25-13F7-4116-B02B-14E4CD0CCC41}.Release|Any CPU.ActiveCfg = Release|Any CPU
		{AE99CC25-13F7-4116-B02B-14E4CD0CCC41}.Release|Any CPU.Build.0 = Release|Any CPU
		{5DCA2635-2657-42ED-9135-1D9B2C3D7416}.Debug|Any CPU.ActiveCfg = Debug|Any CPU
		{5DCA2635-2657-42ED-9135-1D9B2C3D7416}.Debug|Any CPU.Build.0 = Debug|Any CPU
		{5DCA2635-2657-42ED-9135-1D9B2C3D7416}.Release|Any CPU.ActiveCfg = Release|Any CPU
		{5DCA2635-2657-42ED-9135-1D9B2C3D7416}.Release|Any CPU.Build.0 = Release|Any CPU
	EndGlobalSection
	GlobalSection(SolutionProperties) = preSolution
		HideSolutionNode = FALSE
	EndGlobalSection
	GlobalSection(ExtensibilityGlobals) = postSolution
		SolutionGuid = {75B8AA46-79AD-47AC-A0F7-9944408708C1}
	EndGlobalSection
EndGlobal
